
Microsoft Visual Studio Solution File, Format Version 12.00
# Visual Studio Version 17
VisualStudioVersion = 17.7.34221.43
MinimumVisualStudioVersion = 10.0.40219.1
Project("{FAE04EC0-301F-11D3-BF4B-00C04F79EFBC}") = "PizzaPortal", "PizzaPortal\PizzaPortal.csproj", "{CDFCC33F-5BEB-4787-AC73-551A4A60A26B}"
EndProject
Global
	GlobalSection(SolutionConfigurationPlatforms) = preSolution
		Debug|Any CPU = Debug|Any CPU
		Release|Any CPU = Release|Any CPU
	EndGlobalSection
	GlobalSection(ProjectConfigurationPlatforms) = postSolution
		{CDFCC33F-5BEB-4787-AC73-551A4A60A26B}.Debug|Any CPU.ActiveCfg = Debug|Any CPU
		{CDFCC33F-5BEB-4787-AC73-551A4A60A26B}.Debug|Any CPU.Build.0 = Debug|Any CPU
		{CDFCC33F-5BEB-4787-AC73-551A4A60A26B}.Release|Any CPU.ActiveCfg = Release|Any CPU
		{CDFCC33F-5BEB-4787-AC73-551A4A60A26B}.Release|Any CPU.Build.0 = Release|Any CPU
	EndGlobalSection
	GlobalSection(SolutionProperties) = preSolution
		HideSolutionNode = FALSE
	EndGlobalSection
	GlobalSection(ExtensibilityGlobals) = postSolution
		SolutionGuid = {3DDA541B-42FE-4149-A72D-D207E3F27CE6}
	EndGlobalSection
EndGlobal
